
Microsoft Visual Studio Solution File, Format Version 12.00
# Visual Studio Version 17
VisualStudioVersion = 17.12.35707.178
MinimumVisualStudioVersion = 10.0.40219.1
Project("{FAE04EC0-301F-11D3-BF4B-00C04F79EFBC}") = "TurfSportManagementSystem", "TurfSportManagementSystem\TurfSportManagementSystem.csproj", "{52C4BD16-1BF2-4726-8C5D-E341A77B2EE2}"
EndProject
Project("{FAE04EC0-301F-11D3-BF4B-00C04F79EFBC}") = "TurfSportManagementSystem.nUnitTests", "TurfSportManagementSystem.nUnitTests\TurfSportManagementSystem.nUnitTests.csproj", "{1BC67F8A-DCFA-4F92-8E2D-87A76EB75BA7}"
EndProject
Global
	GlobalSection(SolutionConfigurationPlatforms) = preSolution
		Debug|Any CPU = Debug|Any CPU
		Release|Any CPU = Release|Any CPU
	EndGlobalSection
	GlobalSection(ProjectConfigurationPlatforms) = postSolution
		{52C4BD16-1BF2-4726-8C5D-E341A77B2EE2}.Debug|Any CPU.ActiveCfg = Debug|Any CPU
		{52C4BD16-1BF2-4726-8C5D-E341A77B2EE2}.Debug|Any CPU.Build.0 = Debug|Any CPU
		{52C4BD16-1BF2-4726-8C5D-E341A77B2EE2}.Release|Any CPU.ActiveCfg = Release|Any CPU
		{52C4BD16-1BF2-4726-8C5D-E341A77B2EE2}.Release|Any CPU.Build.0 = Release|Any CPU
		{1BC67F8A-DCFA-4F92-8E2D-87A76EB75BA7}.Debug|Any CPU.ActiveCfg = Debug|Any CPU
		{1BC67F8A-DCFA-4F92-8E2D-87A76EB75BA7}.Debug|Any CPU.Build.0 = Debug|Any CPU
		{1BC67F8A-DCFA-4F92-8E2D-87A76EB75BA7}.Release|Any CPU.ActiveCfg = Release|Any CPU
		{1BC67F8A-DCFA-4F92-8E2D-87A76EB75BA7}.Release|Any CPU.Build.0 = Release|Any CPU
	EndGlobalSection
	GlobalSection(SolutionProperties) = preSolution
		HideSolutionNode = FALSE
	EndGlobalSection
EndGlobal
